{
  "version": 4,
  "terraform_version": "1.14.3",
  "serial": 1,
  "lineage": "c201553c-6d38-3396-9511-5da66e674a71",
  "outputs": {},
  "resources": [
    {
      "mode": "managed",
      "type": "github_repository",
      "name": "album",
      "provider": "provider[\"registry.terraform.io/integrations/github\"]",
      "instances": [
        {
          "schema_version": 1,
          "attributes": {
            "allow_auto_merge": false,
            "allow_merge_commit": true,
            "allow_rebase_merge": true,
            "allow_squash_merge": false,
            "allow_update_branch": false,
            "archive_on_destroy": null,
            "archived": false,
            "auto_init": null,
            "default_branch": "main",
            "delete_branch_on_merge": false,
            "description": "Source files for the Commit To You album (Logic Pro + SynthV sources).",
            "etag": "W/\"c7e5236e59419f0cba17490f7b494438494badca874c195b600127bb503ad875\"",
            "fork": "false",
            "full_name": "AlexMan123456/commit-to-you",
            "git_clone_url": "git://github.com/AlexMan123456/commit-to-you.git",
            "gitignore_template": null,
            "has_discussions": false,
            "has_downloads": false,
            "has_issues": true,
            "has_projects": false,
            "has_wiki": false,
            "homepage_url": "",
            "html_url": "https://github.com/AlexMan123456/commit-to-you",
            "http_clone_url": "https://github.com/AlexMan123456/commit-to-you.git",
            "id": "commit-to-you",
            "ignore_vulnerability_alerts_during_read": null,
            "is_template": false,
            "license_template": null,
            "merge_commit_message": "PR_TITLE",
            "merge_commit_title": "MERGE_MESSAGE",
            "name": "commit-to-you",
            "node_id": "R_kgDOQxY67w",
            "pages": [],
            "primary_language": "",
            "private": false,
            "repo_id": 1125530351,
            "security_and_analysis": [
              {
                "advanced_security": [],
                "code_security": [],
                "secret_scanning": [
                  {
                    "status": "enabled"
                  }
                ],
                "secret_scanning_ai_detection": [],
                "secret_scanning_non_provider_patterns": [],
                "secret_scanning_push_protection": [
                  {
                    "status": "enabled"
                  }
                ]
              }
            ],
            "source_owner": "",
            "source_repo": "",
            "squash_merge_commit_message": "COMMIT_MESSAGES",
            "squash_merge_commit_title": "COMMIT_OR_PR_TITLE",
            "ssh_clone_url": "git@github.com:AlexMan123456/commit-to-you.git",
            "svn_url": "https://github.com/AlexMan123456/commit-to-you",
            "template": [],
            "topics": [],
            "visibility": "public",
            "vulnerability_alerts": false,
            "web_commit_signoff_required": false
          },
          "sensitive_attributes": [],
          "identity_schema_version": 0,
          "private": "eyJzY2hlbWFfdmVyc2lvbiI6IjEifQ=="
        }
      ]
    }
  ],
  "check_results": null
}
